
Microsoft Visual Studio Solution File, Format Version 12.00
# Visual Studio Version 17
VisualStudioVersion = 17.0.31903.59
MinimumVisualStudioVersion = 10.0.40219.1
Project("{FAE04EC0-301F-11D3-BF4B-00C04F79EFBC}") = "Factory Method", "Patrones de diseño\Factory Method.csproj", "{95404EFD-EA4F-4A24-9FB7-066C7657C6DF}"
EndProject
Project("{2150E333-8FDC-42A3-9474-1A3956D46DE8}") = "1-Factory Method", "1-Factory Method", "{B99FDA78-0295-4C90-8C3E-F9416D176163}"
EndProject
Project("{2150E333-8FDC-42A3-9474-1A3956D46DE8}") = "2 -Singleton", "2 -Singleton", "{32EE0365-4266-45A5-A2F9-07D13102CAE8}"
EndProject
Project("{FAE04EC0-301F-11D3-BF4B-00C04F79EFBC}") = "Singleton", "Singleton\Singleton.csproj", "{F51D5229-FE82-42D4-B027-9296051E3BE7}"
EndProject
Global
	GlobalSection(SolutionConfigurationPlatforms) = preSolution
		Debug|Any CPU = Debug|Any CPU
		Release|Any CPU = Release|Any CPU
	EndGlobalSection
	GlobalSection(ProjectConfigurationPlatforms) = postSolution
		{95404EFD-EA4F-4A24-9FB7-066C7657C6DF}.Debug|Any CPU.ActiveCfg = Debug|Any CPU
		{95404EFD-EA4F-4A24-9FB7-066C7657C6DF}.Debug|Any CPU.Build.0 = Debug|Any CPU
		{95404EFD-EA4F-4A24-9FB7-066C7657C6DF}.Release|Any CPU.ActiveCfg = Release|Any CPU
		{95404EFD-EA4F-4A24-9FB7-066C7657C6DF}.Release|Any CPU.Build.0 = Release|Any CPU
		{F51D5229-FE82-42D4-B027-9296051E3BE7}.Debug|Any CPU.ActiveCfg = Debug|Any CPU
		{F51D5229-FE82-42D4-B027-9296051E3BE7}.Debug|Any CPU.Build.0 = Debug|Any CPU
		{F51D5229-FE82-42D4-B027-9296051E3BE7}.Release|Any CPU.ActiveCfg = Release|Any CPU
		{F51D5229-FE82-42D4-B027-9296051E3BE7}.Release|Any CPU.Build.0 = Release|Any CPU
	EndGlobalSection
	GlobalSection(SolutionProperties) = preSolution
		HideSolutionNode = FALSE
	EndGlobalSection
	GlobalSection(NestedProjects) = preSolution
		{95404EFD-EA4F-4A24-9FB7-066C7657C6DF} = {B99FDA78-0295-4C90-8C3E-F9416D176163}
		{F51D5229-FE82-42D4-B027-9296051E3BE7} = {32EE0365-4266-45A5-A2F9-07D13102CAE8}
	EndGlobalSection
	GlobalSection(ExtensibilityGlobals) = postSolution
		SolutionGuid = {64358019-301E-4FCB-8327-B62909018637}
	EndGlobalSection
EndGlobal
